{
  "version": 4,
  "terraform_version": "0.13.0",
  "serial": 53,
  "lineage": "094168f1-29ba-14ff-53fd-f8c005944f40",
  "outputs": {
    "USERNAME": {
      "value": "sensuser",
      "type": "string"
    },
    "instance_ip_addr": {
      "value": "52.255.147.194",
      "type": "string"
    },
    "tls_private_key": {
      "value": "-----BEGIN RSA PRIVATE KEY-----\nMIIJKgIBAAKCAgEA7pfhRK3Wjdj/+iZgO70TbXdXxdMvlJfRWVFfVumepbGQTVbL\n0upH29r5QU8USAFO0XODo/jfPYjtmSGChu2t36tuvK5DhHmEpah2erw0adJ4O0M9\nV8D1YvELvspOLhjRIwUmU95+5wRVHKqIueajuyRE53zps+7lDjMXyM3wYbPJLOA2\nEvRFaHU1aIaD3BK8dg5jMArA5ax4lEwseCrBJ14K07rtW0u6SRS5XXtQUYGR+J6x\nrtuLnqk5/2/Ic1LiNnzCGF7hg4Akl4opGrZISCMd1HcqKJCmZI5/kUmh6WVWqJLR\nPitueBpYcoNX5Wm/xlaYY2E12xPUR6OQoLNvb94HjpvJWrzNQt87BmXviszXyQyH\nuNCmuRQGMr4vubcsoIh6CyIywYc0KFFSIYN72mCEtDXPWk3/RJo2WYY/gORUbpuq\n8GyspfT9+HHehuHQ8gaBNvVYU4S/F9OVr8Wdh1b12L0iws+Wxc9qU42JvYzhcgiC\nxnq7798M/bHdtDkscNVBScZVLlbXj41zH/ys6sHzmDVv7z0hYHKSAAwVrB46bfmu\nZrWI8RCb+8lYVAPmDC92P8+Wq4g7ZlNceA5jlppcEkmffdBW79jzVCGJr77oPiXP\nOo679iniqq8WFkWUwnk3eK11sS6MxuUMA8NkZ+ixYUMpzjqfwmliXDo5Mb0CAwEA\nAQKCAgEA4qBtHrkodK/L5KWS/utHitCzFHrWVQQnm/lI39skECqq8GsjS4GxI8nI\nvBoLH6HuZdCdF6ELGv33AV7tBpC4eR3zH1E/XJO4RUnQ0B/4gROjlFb362SjMInZ\nKC4tOGfmLqdzknJig7h/x6zMFhhXKSj4MhFaQskF1Qj+7IOAcq08x11ov3Q6gU/j\nnRc4JE+/pztfR4DPXNkH54S7MKEbuvL+wcJqNi+mEEiZEYxR7Dlwl4DVMUvkQJ5p\nMpHRComNyUeTbWaiOi/7kd1v0amW2r5QVUGjT8il5BneXfhczL6vI4vhKHZEhdww\nawUK9iQOPqx+LtdlOmSJXEqm053cl8XdnxHdK+Zs3OJuYTqhheLzc3rDUkngpyCT\nXllmLhdMky1a6T3NRgUIj2U4jA4uIq7Y6jsIQJT2ZIOs1jHoPdIXeLarmjv0DOWt\nOpIZbIhy1NtgDblt1LY6v6yvUprHDzaNit123NKIzz2TtrcD9xIR3bTulhCVctSQ\nXvVwMnmoJsjw/AkzTPsnxAOl8d/II3iTv6pwBdxYoJGfnB7BL6gFyQn91w/wx6ky\nT8W6XPlITkWLTRDbeWtOsd4yW8auhuivXxq7/v9UBGBLQuaGXhnP7Y4ohJKMGnkA\nuFiuNA0eCyH1VVvw2wlfoZlMMAF4rgHFpAmRxv4+jMwPJlc8JFkCggEBAPEN8idR\nyHoIzs/A7r156r2GDDawzBM6TS4ciPUbxT0XwoxOPt+rWFIrjcOFL3QdxMceq0ix\nAytzhPVweLQDPVe3i3h8a2RLUg6ZTqSabieynr8BsCYopiUkhl7CUkP5XE8wYg8/\ncThZQQiZkMBvIRNjL/G3G3m6BKAFJdMX454tNvOUXXlVENAbqG8ZfYzmmpE6JI8x\nu3w17ri2hISLtQ9LrbCCcmhoNO2JBblwJ6SxZgBeukQWq7A+9QIhH8WVmfh6Y7xA\n8VOX98K6JCZjs3R3RFE/9xYZbUin3+xi/b/eZLffjCe9z8DOMmOxFpy3IIRsznkG\nkngGsEZDdP94Oz8CggEBAP1i3pwkm5TOwPdXAaLF4bWDq1LYtIrgrSII461oPvBk\n2jGTMulzf8y5GZ8MZTjaZnIow15VD+1Pch+p8m18n/Rjqc8t9ObDi8XYxe8JlxyB\n38azYUw03/K3cB+Hgorv0hzQ1TIWgEcdZr707s9DqU4nAElcbirywS8cStSV5Z7k\nm8ctAWFkiEq2vbEwfttZGylVXKj3eZssczjO1W0VEBkiQEY/jMZ+wWBZhMOUTReN\npPef+nxjfaHRAqXKhAt4ZnUHsKH32pGslnCEkE/cENX6A3gzsVfhbSH2gvfFybjr\nknPBjQaoviSW5jDw849HQEqugK5+l+Mc4xR9JHqPgAMCggEBAIs06Y4JbcQDyCM0\nIOstOAHBItaGnSPRfHbPpcwfAHW6ffB201pp4jR50IGELZZaBqSTMollKBZ0vOjc\nzefvIwLADXxEJeSilr21jTQDtu+X+JMHz4kJ2oECqdKZV9bHb6aPo2F42tKWwLbN\nsElhI/HFSw/FFcnjQf6DWoegeSOEqwJZwO1r0azM/CVEzDuNhN+veyNyrfoaT0U+\nqiK9Z49wvdp8SsO+wioXAkZH3az/gY9fJSRjDz1V7joPlQCO138mduhlfLgwv7Ul\nt/CvjRgKNFrTnMaXYoQd5nPl6vJd5T5Gi/L7a7nFmlX2E7/nBZFUIJzFzdogyrWZ\nCTzrWxMCggEBAK5U8df4D9roDTefcw6smsgp2Rvc4QqT3kqGVy8dhAAdQ0nMfsDD\nqHAQAiK9gn8FNGrixNgIKjcZ6+kBIjxV/C9GyrQyaEbEz0vGAxidPoxshqvNCupF\njrcNomTu9M/mhGcy/xvBA2zqO6CyIAQWB0wv5TCUGXAPKP7itlFg+GTD4LG+sy5w\n3pyY8hYQyZbczaU4h9HwwogSowu4snqkfTjtqc8rNg3zc9R4grGVPR0xZQjB1rLy\nOKO2i93JYeQKaGOocMxfHNARMEglzKxFOogdxXlUB3XxMQam9iDGwi0qVs6xofes\n7XV7JNETVl+DpCY9vWdQzeuCGnIkT47LYEUCggEAFadQ1727zcXHnKmzhaQksUb5\neRTlexTJ6jH2aeXSy3A+mGIIGN/LyydAHFzzm9zoKh+K/eZbQ9QbsnKh3lEwvaI2\n7YYjlQBGgFwy9zND/uk0lIAKp1XMG623lZtCR4Gqppc2GOONaXqn8Aa91Eqk2rXF\ng3JAbwVYV1qB6yzuWF67Y/wUI4ET0TBytixC/YXWiMpwMNC6YiQpO8L1/82Csy/r\njLsSpeaScP5fNX4VsH+uPXFelTjw9tNuUN2G0+GZtSxTDtPVylGyCJhAGeGpSkSw\nq9KO50liInTVBMrDQuwxx3hM2jG2ZCYw28RGJ0Bz76Na0Gz9RzAj2as3c50KCA==\n-----END RSA PRIVATE KEY-----\n",
      "type": "string"
    }
  },
  "resources": [
    {
      "mode": "managed",
      "type": "azurerm_linux_virtual_machine",
      "name": "main",
      "provider": "provider[\"registry.terraform.io/hashicorp/azurerm\"]",
      "instances": [
        {
          "schema_version": 0,
          "attributes": {
            "additional_capabilities": [],
            "admin_password": null,
            "admin_ssh_key": [
              {
                "public_key": "ssh-rsa AAAAB3NzaC1yc2EAAAADAQABAAACAQDul+FErdaN2P/6JmA7vRNtd1fF0y+Ul9FZUV9W6Z6lsZBNVsvS6kfb2vlBTxRIAU7Rc4Oj+N89iO2ZIYKG7a3fq268rkOEeYSlqHZ6vDRp0ng7Qz1XwPVi8Qu+yk4uGNEjBSZT3n7nBFUcqoi55qO7JETnfOmz7uUOMxfIzfBhs8ks4DYS9EVodTVohoPcErx2DmMwCsDlrHiUTCx4KsEnXgrTuu1bS7pJFLlde1BRgZH4nrGu24ueqTn/b8hzUuI2fMIYXuGDgCSXiikatkhIIx3UdyookKZkjn+RSaHpZVaoktE+K254Glhyg1flab/GVphjYTXbE9RHo5Cgs29v3geOm8lavM1C3zsGZe+KzNfJDIe40Ka5FAYyvi+5tyygiHoLIjLBhzQoUVIhg3vaYIS0Nc9aTf9EmjZZhj+A5FRum6rwbKyl9P34cd6G4dDyBoE29VhThL8X05WvxZ2HVvXYvSLCz5bFz2pTjYm9jOFyCILGervv3wz9sd20OSxw1UFJxlUuVtePjXMf/KzqwfOYNW/vPSFgcpIADBWsHjpt+a5mtYjxEJv7yVhUA+YML3Y/z5ariDtmU1x4DmOWmlwSSZ990Fbv2PNUIYmvvug+Jc86jrv2KeKqrxYWRZTCeTd4rXWxLozG5QwDw2Rn6LFhQynOOp/CaWJcOjkxvQ==\n",
                "username": "sensuser"
              }
            ],
            "admin_username": "sensuser",
            "allow_extension_operations": true,
            "availability_set_id": "",
            "boot_diagnostics": [],
            "computer_name": "sm-safectl-machine-ccf",
            "custom_data": "IyEvYmluL2Jhc2gKYXB0IHVwZGF0ZQphcHQgaW5zdGFsbCBtYWtlIGdjYyBhcHQtdHJhbnNwb3J0LWh0dHBzIGNhLWNlcnRpZmljYXRlcyBjdXJsIGpxIHNvZnR3YXJlLXByb3BlcnRpZXMtY29tbW9uIC15CmN1cmwgLWZzU0wgaHR0cHM6Ly9kb3dubG9hZC5kb2NrZXIuY29tL2xpbnV4L3VidW50dS9ncGcgfCAgYXB0LWtleSBhZGQgLQphZGQtYXB0LXJlcG9zaXRvcnkgImRlYiBbYXJjaD1hbWQ2NF0gaHR0cHM6Ly9kb3dubG9hZC5kb2NrZXIuY29tL2xpbnV4L3VidW50dSBmb2NhbCBzdGFibGUiCmFwdCB1cGRhdGUKYXB0LWNhY2hlIHBvbGljeSBkb2NrZXItY2UKYXB0IGluc3RhbGwgZG9ja2VyLWNlIHB5dGhvbjMgcHl0aG9uMy1waXAgLXkKY3VybCAtTCAiaHR0cHM6Ly9naXRodWIuY29tL2RvY2tlci9jb21wb3NlL3JlbGVhc2VzL2Rvd25sb2FkLzEuMjcuNC9kb2NrZXItY29tcG9zZS1MaW51eC14ODZfNjQiIC1vIC91c3IvbG9jYWwvYmluL2RvY2tlci1jb21wb3NlCmNobW9kICt4IC91c3IvbG9jYWwvYmluL2RvY2tlci1jb21wb3NlCmRvY2tlciBsb2dpbiAtdSBiYjNmZDdmMC03MmU0LTRkNzYtYWNlNC1iMTc1ODJjYzE5OTMgLXAgbUhoRk5LZ28tQnAyc1k5cHlsdX5heUxTTUNQSnVWM1MxciBzZW5zb3JpYW50LmF6dXJlY3IuaW8KZ3JvdXBhZGQgZG9ja2VyCnVzZXJtb2QgLWFHIGRvY2tlciBzZW5zdXNlcgojVG8gaW5zdGFsbCB0aGUga3ViZWN0bApjdXJsIC1MTyAiaHR0cHM6Ly9kbC5rOHMuaW8vcmVsZWFzZS8kKGN1cmwgLUwgLXMgaHR0cHM6Ly9kbC5rOHMuaW8vcmVsZWFzZS9zdGFibGUudHh0KS9iaW4vbGludXgvYW1kNjQva3ViZWN0bCIKY3VybCAtTE8gImh0dHBzOi8vZGwuazhzLmlvLyQoY3VybCAtTCAtcyBodHRwczovL2RsLms4cy5pby9yZWxlYXNlL3N0YWJsZS50eHQpL2Jpbi9saW51eC9hbWQ2NC9rdWJlY3RsLnNoYTI1NiIKZWNobyAiJCg8a3ViZWN0bC5zaGEyNTYpIGt1YmVjdGwiIHwgc2hhMjU2c3VtIC0tY2hlY2sKc3VkbyBpbnN0YWxsIC1vIHJvb3QgLWcgcm9vdCAtbSAwNzU1IGt1YmVjdGwgL3Vzci9sb2NhbC9iaW4va3ViZWN0bApyZWJvb3QK",
            "dedicated_host_id": "",
            "disable_password_authentication": true,
            "eviction_policy": "",
            "id": "/subscriptions/a80f0ad9-e705-4f0e-8f4a-85775cd7b42b/resourceGroups/sens-safectl-resource-group-ccf/providers/Microsoft.Compute/virtualMachines/sm-safectl-machine-ccf",
            "identity": [],
            "location": "eastus",
            "max_bid_price": -1,
            "name": "sm-safectl-machine-ccf",
            "network_interface_ids": [
              "/subscriptions/a80f0ad9-e705-4f0e-8f4a-85775cd7b42b/resourceGroups/sens-safectl-resource-group-ccf/providers/Microsoft.Network/networkInterfaces/sens-nic-ccf"
            ],
            "os_disk": [
              {
                "caching": "ReadWrite",
                "diff_disk_settings": [],
                "disk_encryption_set_id": "",
                "disk_size_gb": 100,
                "name": "myOsdisk",
                "storage_account_type": "Premium_LRS",
                "write_accelerator_enabled": false
              }
            ],
            "plan": [],
            "priority": "Regular",
            "private_ip_address": "10.0.2.4",
            "private_ip_addresses": [
              "10.0.2.4"
            ],
            "provision_vm_agent": true,
            "proximity_placement_group_id": "",
            "public_ip_address": "52.255.147.194",
            "public_ip_addresses": [
              "52.255.147.194"
            ],
            "resource_group_name": "sens-safectl-resource-group-ccf",
            "secret": [],
            "size": "Standard_DC4s_v2",
            "source_image_id": "",
            "source_image_reference": [
              {
                "offer": "UbuntuServer",
                "publisher": "Canonical",
                "sku": "18_04-lts-gen2",
                "version": "latest"
              }
            ],
            "tags": {
              "environment": "v0.0.1"
            },
            "timeouts": null,
            "virtual_machine_id": "b6f0f849-c350-4f89-814d-c25a4f14efb0",
            "virtual_machine_scale_set_id": "",
            "zone": ""
          },
          "private": "eyJlMmJmYjczMC1lY2FhLTExZTYtOGY4OC0zNDM2M2JjN2M0YzAiOnsiY3JlYXRlIjoyNzAwMDAwMDAwMDAwLCJkZWxldGUiOjI3MDAwMDAwMDAwMDAsInJlYWQiOjMwMDAwMDAwMDAwMCwidXBkYXRlIjoyNzAwMDAwMDAwMDAwfX0=",
          "dependencies": [
            "azurerm_network_interface.main",
            "azurerm_public_ip.sens_controller",
            "azurerm_resource_group.sens_controller",
            "azurerm_subnet.internal",
            "azurerm_virtual_network.main",
            "tls_private_key.sens_controller_ssh"
          ]
        }
      ]
    },
    {
      "mode": "managed",
      "type": "azurerm_network_interface",
      "name": "main",
      "provider": "provider[\"registry.terraform.io/hashicorp/azurerm\"]",
      "instances": [
        {
          "schema_version": 0,
          "attributes": {
            "applied_dns_servers": [],
            "dns_servers": [],
            "enable_accelerated_networking": false,
            "enable_ip_forwarding": false,
            "id": "/subscriptions/a80f0ad9-e705-4f0e-8f4a-85775cd7b42b/resourceGroups/sens-safectl-resource-group-ccf/providers/Microsoft.Network/networkInterfaces/sens-nic-ccf",
            "internal_dns_name_label": "",
            "internal_domain_name_suffix": "guwxsjz2co0elm5obox43wetla.bx.internal.cloudapp.net",
            "ip_configuration": [
              {
                "name": "internal",
                "primary": true,
                "private_ip_address": "10.0.2.4",
                "private_ip_address_allocation": "Dynamic",
                "private_ip_address_version": "IPv4",
                "public_ip_address_id": "/subscriptions/a80f0ad9-e705-4f0e-8f4a-85775cd7b42b/resourceGroups/sens-safectl-resource-group-ccf/providers/Microsoft.Network/publicIPAddresses/sens-controller-ip-addr-ccf",
                "subnet_id": "/subscriptions/a80f0ad9-e705-4f0e-8f4a-85775cd7b42b/resourceGroups/sens-safectl-resource-group-ccf/providers/Microsoft.Network/virtualNetworks/sens-network-ccf/subnets/internal"
              }
            ],
            "location": "eastus",
            "mac_address": "",
            "name": "sens-nic-ccf",
            "private_ip_address": "10.0.2.4",
            "private_ip_addresses": [
              "10.0.2.4"
            ],
            "resource_group_name": "sens-safectl-resource-group-ccf",
            "tags": null,
            "timeouts": null,
            "virtual_machine_id": ""
          },
          "private": "eyJlMmJmYjczMC1lY2FhLTExZTYtOGY4OC0zNDM2M2JjN2M0YzAiOnsiY3JlYXRlIjoxODAwMDAwMDAwMDAwLCJkZWxldGUiOjE4MDAwMDAwMDAwMDAsInJlYWQiOjMwMDAwMDAwMDAwMCwidXBkYXRlIjoxODAwMDAwMDAwMDAwfX0=",
          "dependencies": [
            "azurerm_public_ip.sens_controller",
            "azurerm_resource_group.sens_controller",
            "azurerm_subnet.internal",
            "azurerm_virtual_network.main"
          ]
        }
      ]
    },
    {
      "mode": "managed",
      "type": "azurerm_network_interface_security_group_association",
      "name": "security_group_controller_association",
      "provider": "provider[\"registry.terraform.io/hashicorp/azurerm\"]",
      "instances": [
        {
          "schema_version": 0,
          "attributes": {
            "id": "/subscriptions/a80f0ad9-e705-4f0e-8f4a-85775cd7b42b/resourceGroups/sens-safectl-resource-group-ccf/providers/Microsoft.Network/networkInterfaces/sens-nic-ccf|/subscriptions/a80f0ad9-e705-4f0e-8f4a-85775cd7b42b/resourceGroups/sens-safectl-resource-group-ccf/providers/Microsoft.Network/networkSecurityGroups/sens-network-security-group-ccf",
            "network_interface_id": "/subscriptions/a80f0ad9-e705-4f0e-8f4a-85775cd7b42b/resourceGroups/sens-safectl-resource-group-ccf/providers/Microsoft.Network/networkInterfaces/sens-nic-ccf",
            "network_security_group_id": "/subscriptions/a80f0ad9-e705-4f0e-8f4a-85775cd7b42b/resourceGroups/sens-safectl-resource-group-ccf/providers/Microsoft.Network/networkSecurityGroups/sens-network-security-group-ccf",
            "timeouts": null
          },
          "private": "eyJlMmJmYjczMC1lY2FhLTExZTYtOGY4OC0zNDM2M2JjN2M0YzAiOnsiY3JlYXRlIjoxODAwMDAwMDAwMDAwLCJkZWxldGUiOjE4MDAwMDAwMDAwMDAsInJlYWQiOjMwMDAwMDAwMDAwMCwidXBkYXRlIjoxODAwMDAwMDAwMDAwfX0=",
          "dependencies": [
            "azurerm_linux_virtual_machine.main",
            "azurerm_network_interface.main",
            "azurerm_network_security_group.sens_controller",
            "azurerm_public_ip.sens_controller",
            "azurerm_resource_group.sens_controller",
            "azurerm_subnet.internal",
            "azurerm_virtual_network.main",
            "tls_private_key.sens_controller_ssh"
          ]
        }
      ]
    },
    {
      "mode": "managed",
      "type": "azurerm_network_security_group",
      "name": "sens_controller",
      "provider": "provider[\"registry.terraform.io/hashicorp/azurerm\"]",
      "instances": [
        {
          "schema_version": 0,
          "attributes": {
            "id": "/subscriptions/a80f0ad9-e705-4f0e-8f4a-85775cd7b42b/resourceGroups/sens-safectl-resource-group-ccf/providers/Microsoft.Network/networkSecurityGroups/sens-network-security-group-ccf",
            "location": "eastus",
            "name": "sens-network-security-group-ccf",
            "resource_group_name": "sens-safectl-resource-group-ccf",
            "security_rule": [
              {
                "access": "Allow",
                "description": "",
                "destination_address_prefix": "",
                "destination_address_prefixes": [
                  "13.72.97.58",
                  "173.48.112.27",
                  "34.86.224.5",
                  "52.255.147.194"
                ],
                "destination_application_security_group_ids": [],
                "destination_port_range": "3306",
                "destination_port_ranges": [],
                "direction": "Inbound",
                "name": "sens-pm5",
                "priority": 105,
                "protocol": "Tcp",
                "source_address_prefix": "*",
                "source_address_prefixes": [],
                "source_application_security_group_ids": [],
                "source_port_range": "*",
                "source_port_ranges": []
              },
              {
                "access": "Allow",
                "description": "",
                "destination_address_prefix": "*",
                "destination_address_prefixes": [],
                "destination_application_security_group_ids": [],
                "destination_port_range": "18765",
                "destination_port_ranges": [],
                "direction": "Inbound",
                "name": "sens-pm2",
                "priority": 102,
                "protocol": "Tcp",
                "source_address_prefix": "*",
                "source_address_prefixes": [],
                "source_application_security_group_ids": [],
                "source_port_range": "*",
                "source_port_ranges": []
              },
              {
                "access": "Allow",
                "description": "",
                "destination_address_prefix": "*",
                "destination_address_prefixes": [],
                "destination_application_security_group_ids": [],
                "destination_port_range": "22",
                "destination_port_ranges": [],
                "direction": "Inbound",
                "name": "sens-ssh",
                "priority": 100,
                "protocol": "Tcp",
                "source_address_prefix": "*",
                "source_address_prefixes": [],
                "source_application_security_group_ids": [],
                "source_port_range": "*",
                "source_port_ranges": []
              },
              {
                "access": "Allow",
                "description": "",
                "destination_address_prefix": "*",
                "destination_address_prefixes": [],
                "destination_application_security_group_ids": [],
                "destination_port_range": "443",
                "destination_port_ranges": [],
                "direction": "Inbound",
                "name": "sens-pm3",
                "priority": 103,
                "protocol": "Tcp",
                "source_address_prefix": "*",
                "source_address_prefixes": [],
                "source_application_security_group_ids": [],
                "source_port_range": "*",
                "source_port_ranges": []
              },
              {
                "access": "Allow",
                "description": "",
                "destination_address_prefix": "*",
                "destination_address_prefixes": [],
                "destination_application_security_group_ids": [],
                "destination_port_range": "5010",
                "destination_port_ranges": [],
                "direction": "Inbound",
                "name": "sens-pm4",
                "priority": 104,
                "protocol": "Tcp",
                "source_address_prefix": "*",
                "source_address_prefixes": [],
                "source_application_security_group_ids": [],
                "source_port_range": "*",
                "source_port_ranges": []
              },
              {
                "access": "Allow",
                "description": "",
                "destination_address_prefix": "*",
                "destination_address_prefixes": [],
                "destination_application_security_group_ids": [],
                "destination_port_range": "8081",
                "destination_port_ranges": [],
                "direction": "Inbound",
                "name": "sens-pm1",
                "priority": 101,
                "protocol": "Tcp",
                "source_address_prefix": "*",
                "source_address_prefixes": [],
                "source_application_security_group_ids": [],
                "source_port_range": "*",
                "source_port_ranges": []
              },
              {
                "access": "Allow",
                "description": "",
                "destination_address_prefix": "*",
                "destination_address_prefixes": [],
                "destination_application_security_group_ids": [],
                "destination_port_range": "9103",
                "destination_port_ranges": [],
                "direction": "Inbound",
                "name": "sens-pm7",
                "priority": 107,
                "protocol": "Tcp",
                "source_address_prefix": "*",
                "source_address_prefixes": [],
                "source_application_security_group_ids": [],
                "source_port_range": "*",
                "source_port_ranges": []
              },
              {
                "access": "Allow",
                "description": "",
                "destination_address_prefix": "*",
                "destination_address_prefixes": [],
                "destination_application_security_group_ids": [],
                "destination_port_range": "9201",
                "destination_port_ranges": [],
                "direction": "Inbound",
                "name": "sens-pm6",
                "priority": 106,
                "protocol": "Tcp",
                "source_address_prefix": "*",
                "source_address_prefixes": [],
                "source_application_security_group_ids": [],
                "source_port_range": "*",
                "source_port_ranges": []
              }
            ],
            "tags": {
              "environment": "Production"
            },
            "timeouts": null
          },
          "private": "eyJlMmJmYjczMC1lY2FhLTExZTYtOGY4OC0zNDM2M2JjN2M0YzAiOnsiY3JlYXRlIjoxODAwMDAwMDAwMDAwLCJkZWxldGUiOjE4MDAwMDAwMDAwMDAsInJlYWQiOjMwMDAwMDAwMDAwMCwidXBkYXRlIjoxODAwMDAwMDAwMDAwfX0=",
          "dependencies": [
            "azurerm_linux_virtual_machine.main",
            "azurerm_network_interface.main",
            "azurerm_public_ip.sens_controller",
            "azurerm_resource_group.sens_controller",
            "azurerm_subnet.internal",
            "azurerm_virtual_network.main",
            "tls_private_key.sens_controller_ssh"
          ]
        }
      ]
    },
    {
      "mode": "managed",
      "type": "azurerm_public_ip",
      "name": "sens_controller",
      "provider": "provider[\"registry.terraform.io/hashicorp/azurerm\"]",
      "instances": [
        {
          "schema_version": 0,
          "attributes": {
            "allocation_method": "Dynamic",
            "domain_name_label": null,
            "fqdn": null,
            "id": "/subscriptions/a80f0ad9-e705-4f0e-8f4a-85775cd7b42b/resourceGroups/sens-safectl-resource-group-ccf/providers/Microsoft.Network/publicIPAddresses/sens-controller-ip-addr-ccf",
            "idle_timeout_in_minutes": 30,
            "ip_address": "",
            "ip_version": "IPv4",
            "location": "eastus",
            "name": "sens-controller-ip-addr-ccf",
            "public_ip_prefix_id": null,
            "resource_group_name": "sens-safectl-resource-group-ccf",
            "reverse_fqdn": null,
            "sku": "Basic",
            "tags": {
              "environment": "test"
            },
            "timeouts": null,
            "zones": null
          },
          "private": "eyJlMmJmYjczMC1lY2FhLTExZTYtOGY4OC0zNDM2M2JjN2M0YzAiOnsiY3JlYXRlIjoxODAwMDAwMDAwMDAwLCJkZWxldGUiOjE4MDAwMDAwMDAwMDAsInJlYWQiOjMwMDAwMDAwMDAwMCwidXBkYXRlIjoxODAwMDAwMDAwMDAwfX0=",
          "dependencies": [
            "azurerm_resource_group.sens_controller"
          ]
        }
      ]
    },
    {
      "mode": "managed",
      "type": "azurerm_resource_group",
      "name": "sens_controller",
      "provider": "provider[\"registry.terraform.io/hashicorp/azurerm\"]",
      "instances": [
        {
          "schema_version": 0,
          "attributes": {
            "id": "/subscriptions/a80f0ad9-e705-4f0e-8f4a-85775cd7b42b/resourceGroups/sens-safectl-resource-group-ccf",
            "location": "eastus",
            "name": "sens-safectl-resource-group-ccf",
            "tags": null,
            "timeouts": null
          },
          "private": "eyJlMmJmYjczMC1lY2FhLTExZTYtOGY4OC0zNDM2M2JjN2M0YzAiOnsiY3JlYXRlIjo1NDAwMDAwMDAwMDAwLCJkZWxldGUiOjU0MDAwMDAwMDAwMDAsInJlYWQiOjMwMDAwMDAwMDAwMCwidXBkYXRlIjo1NDAwMDAwMDAwMDAwfX0="
        }
      ]
    },
    {
      "mode": "managed",
      "type": "azurerm_subnet",
      "name": "internal",
      "provider": "provider[\"registry.terraform.io/hashicorp/azurerm\"]",
      "instances": [
        {
          "schema_version": 0,
          "attributes": {
            "address_prefix": "10.0.2.0/24",
            "address_prefixes": [
              "10.0.2.0/24"
            ],
            "delegation": [],
            "enforce_private_link_endpoint_network_policies": false,
            "enforce_private_link_service_network_policies": false,
            "id": "/subscriptions/a80f0ad9-e705-4f0e-8f4a-85775cd7b42b/resourceGroups/sens-safectl-resource-group-ccf/providers/Microsoft.Network/virtualNetworks/sens-network-ccf/subnets/internal",
            "name": "internal",
            "resource_group_name": "sens-safectl-resource-group-ccf",
            "service_endpoints": null,
            "timeouts": null,
            "virtual_network_name": "sens-network-ccf"
          },
          "private": "eyJlMmJmYjczMC1lY2FhLTExZTYtOGY4OC0zNDM2M2JjN2M0YzAiOnsiY3JlYXRlIjoxODAwMDAwMDAwMDAwLCJkZWxldGUiOjE4MDAwMDAwMDAwMDAsInJlYWQiOjMwMDAwMDAwMDAwMCwidXBkYXRlIjoxODAwMDAwMDAwMDAwfX0=",
          "dependencies": [
            "azurerm_resource_group.sens_controller",
            "azurerm_virtual_network.main"
          ]
        }
      ]
    },
    {
      "mode": "managed",
      "type": "azurerm_virtual_network",
      "name": "main",
      "provider": "provider[\"registry.terraform.io/hashicorp/azurerm\"]",
      "instances": [
        {
          "schema_version": 0,
          "attributes": {
            "address_space": [
              "10.0.0.0/16"
            ],
            "ddos_protection_plan": [],
            "dns_servers": null,
            "guid": "27792d35-133c-45b4-b3ee-0bafeed89358",
            "id": "/subscriptions/a80f0ad9-e705-4f0e-8f4a-85775cd7b42b/resourceGroups/sens-safectl-resource-group-ccf/providers/Microsoft.Network/virtualNetworks/sens-network-ccf",
            "location": "eastus",
            "name": "sens-network-ccf",
            "resource_group_name": "sens-safectl-resource-group-ccf",
            "subnet": [],
            "tags": null,
            "timeouts": null
          },
          "private": "eyJlMmJmYjczMC1lY2FhLTExZTYtOGY4OC0zNDM2M2JjN2M0YzAiOnsiY3JlYXRlIjoxODAwMDAwMDAwMDAwLCJkZWxldGUiOjE4MDAwMDAwMDAwMDAsInJlYWQiOjMwMDAwMDAwMDAwMCwidXBkYXRlIjoxODAwMDAwMDAwMDAwfX0=",
          "dependencies": [
            "azurerm_resource_group.sens_controller"
          ]
        }
      ]
    },
    {
      "mode": "managed",
      "type": "tls_private_key",
      "name": "sens_controller_ssh",
      "provider": "provider[\"registry.terraform.io/hashicorp/tls\"]",
      "instances": [
        {
          "schema_version": 0,
          "attributes": {
            "algorithm": "RSA",
            "ecdsa_curve": "P224",
            "id": "0802c670f5ceedf1cfef9887cbab7fbd3f4cee29",
            "private_key_pem": "-----BEGIN RSA PRIVATE KEY-----\nMIIJKgIBAAKCAgEA7pfhRK3Wjdj/+iZgO70TbXdXxdMvlJfRWVFfVumepbGQTVbL\n0upH29r5QU8USAFO0XODo/jfPYjtmSGChu2t36tuvK5DhHmEpah2erw0adJ4O0M9\nV8D1YvELvspOLhjRIwUmU95+5wRVHKqIueajuyRE53zps+7lDjMXyM3wYbPJLOA2\nEvRFaHU1aIaD3BK8dg5jMArA5ax4lEwseCrBJ14K07rtW0u6SRS5XXtQUYGR+J6x\nrtuLnqk5/2/Ic1LiNnzCGF7hg4Akl4opGrZISCMd1HcqKJCmZI5/kUmh6WVWqJLR\nPitueBpYcoNX5Wm/xlaYY2E12xPUR6OQoLNvb94HjpvJWrzNQt87BmXviszXyQyH\nuNCmuRQGMr4vubcsoIh6CyIywYc0KFFSIYN72mCEtDXPWk3/RJo2WYY/gORUbpuq\n8GyspfT9+HHehuHQ8gaBNvVYU4S/F9OVr8Wdh1b12L0iws+Wxc9qU42JvYzhcgiC\nxnq7798M/bHdtDkscNVBScZVLlbXj41zH/ys6sHzmDVv7z0hYHKSAAwVrB46bfmu\nZrWI8RCb+8lYVAPmDC92P8+Wq4g7ZlNceA5jlppcEkmffdBW79jzVCGJr77oPiXP\nOo679iniqq8WFkWUwnk3eK11sS6MxuUMA8NkZ+ixYUMpzjqfwmliXDo5Mb0CAwEA\nAQKCAgEA4qBtHrkodK/L5KWS/utHitCzFHrWVQQnm/lI39skECqq8GsjS4GxI8nI\nvBoLH6HuZdCdF6ELGv33AV7tBpC4eR3zH1E/XJO4RUnQ0B/4gROjlFb362SjMInZ\nKC4tOGfmLqdzknJig7h/x6zMFhhXKSj4MhFaQskF1Qj+7IOAcq08x11ov3Q6gU/j\nnRc4JE+/pztfR4DPXNkH54S7MKEbuvL+wcJqNi+mEEiZEYxR7Dlwl4DVMUvkQJ5p\nMpHRComNyUeTbWaiOi/7kd1v0amW2r5QVUGjT8il5BneXfhczL6vI4vhKHZEhdww\nawUK9iQOPqx+LtdlOmSJXEqm053cl8XdnxHdK+Zs3OJuYTqhheLzc3rDUkngpyCT\nXllmLhdMky1a6T3NRgUIj2U4jA4uIq7Y6jsIQJT2ZIOs1jHoPdIXeLarmjv0DOWt\nOpIZbIhy1NtgDblt1LY6v6yvUprHDzaNit123NKIzz2TtrcD9xIR3bTulhCVctSQ\nXvVwMnmoJsjw/AkzTPsnxAOl8d/II3iTv6pwBdxYoJGfnB7BL6gFyQn91w/wx6ky\nT8W6XPlITkWLTRDbeWtOsd4yW8auhuivXxq7/v9UBGBLQuaGXhnP7Y4ohJKMGnkA\nuFiuNA0eCyH1VVvw2wlfoZlMMAF4rgHFpAmRxv4+jMwPJlc8JFkCggEBAPEN8idR\nyHoIzs/A7r156r2GDDawzBM6TS4ciPUbxT0XwoxOPt+rWFIrjcOFL3QdxMceq0ix\nAytzhPVweLQDPVe3i3h8a2RLUg6ZTqSabieynr8BsCYopiUkhl7CUkP5XE8wYg8/\ncThZQQiZkMBvIRNjL/G3G3m6BKAFJdMX454tNvOUXXlVENAbqG8ZfYzmmpE6JI8x\nu3w17ri2hISLtQ9LrbCCcmhoNO2JBblwJ6SxZgBeukQWq7A+9QIhH8WVmfh6Y7xA\n8VOX98K6JCZjs3R3RFE/9xYZbUin3+xi/b/eZLffjCe9z8DOMmOxFpy3IIRsznkG\nkngGsEZDdP94Oz8CggEBAP1i3pwkm5TOwPdXAaLF4bWDq1LYtIrgrSII461oPvBk\n2jGTMulzf8y5GZ8MZTjaZnIow15VD+1Pch+p8m18n/Rjqc8t9ObDi8XYxe8JlxyB\n38azYUw03/K3cB+Hgorv0hzQ1TIWgEcdZr707s9DqU4nAElcbirywS8cStSV5Z7k\nm8ctAWFkiEq2vbEwfttZGylVXKj3eZssczjO1W0VEBkiQEY/jMZ+wWBZhMOUTReN\npPef+nxjfaHRAqXKhAt4ZnUHsKH32pGslnCEkE/cENX6A3gzsVfhbSH2gvfFybjr\nknPBjQaoviSW5jDw849HQEqugK5+l+Mc4xR9JHqPgAMCggEBAIs06Y4JbcQDyCM0\nIOstOAHBItaGnSPRfHbPpcwfAHW6ffB201pp4jR50IGELZZaBqSTMollKBZ0vOjc\nzefvIwLADXxEJeSilr21jTQDtu+X+JMHz4kJ2oECqdKZV9bHb6aPo2F42tKWwLbN\nsElhI/HFSw/FFcnjQf6DWoegeSOEqwJZwO1r0azM/CVEzDuNhN+veyNyrfoaT0U+\nqiK9Z49wvdp8SsO+wioXAkZH3az/gY9fJSRjDz1V7joPlQCO138mduhlfLgwv7Ul\nt/CvjRgKNFrTnMaXYoQd5nPl6vJd5T5Gi/L7a7nFmlX2E7/nBZFUIJzFzdogyrWZ\nCTzrWxMCggEBAK5U8df4D9roDTefcw6smsgp2Rvc4QqT3kqGVy8dhAAdQ0nMfsDD\nqHAQAiK9gn8FNGrixNgIKjcZ6+kBIjxV/C9GyrQyaEbEz0vGAxidPoxshqvNCupF\njrcNomTu9M/mhGcy/xvBA2zqO6CyIAQWB0wv5TCUGXAPKP7itlFg+GTD4LG+sy5w\n3pyY8hYQyZbczaU4h9HwwogSowu4snqkfTjtqc8rNg3zc9R4grGVPR0xZQjB1rLy\nOKO2i93JYeQKaGOocMxfHNARMEglzKxFOogdxXlUB3XxMQam9iDGwi0qVs6xofes\n7XV7JNETVl+DpCY9vWdQzeuCGnIkT47LYEUCggEAFadQ1727zcXHnKmzhaQksUb5\neRTlexTJ6jH2aeXSy3A+mGIIGN/LyydAHFzzm9zoKh+K/eZbQ9QbsnKh3lEwvaI2\n7YYjlQBGgFwy9zND/uk0lIAKp1XMG623lZtCR4Gqppc2GOONaXqn8Aa91Eqk2rXF\ng3JAbwVYV1qB6yzuWF67Y/wUI4ET0TBytixC/YXWiMpwMNC6YiQpO8L1/82Csy/r\njLsSpeaScP5fNX4VsH+uPXFelTjw9tNuUN2G0+GZtSxTDtPVylGyCJhAGeGpSkSw\nq9KO50liInTVBMrDQuwxx3hM2jG2ZCYw28RGJ0Bz76Na0Gz9RzAj2as3c50KCA==\n-----END RSA PRIVATE KEY-----\n",
            "public_key_fingerprint_md5": "73:d6:74:c5:1b:40:d3:fd:84:4c:d5:dc:b3:25:26:b6",
            "public_key_openssh": "ssh-rsa AAAAB3NzaC1yc2EAAAADAQABAAACAQDul+FErdaN2P/6JmA7vRNtd1fF0y+Ul9FZUV9W6Z6lsZBNVsvS6kfb2vlBTxRIAU7Rc4Oj+N89iO2ZIYKG7a3fq268rkOEeYSlqHZ6vDRp0ng7Qz1XwPVi8Qu+yk4uGNEjBSZT3n7nBFUcqoi55qO7JETnfOmz7uUOMxfIzfBhs8ks4DYS9EVodTVohoPcErx2DmMwCsDlrHiUTCx4KsEnXgrTuu1bS7pJFLlde1BRgZH4nrGu24ueqTn/b8hzUuI2fMIYXuGDgCSXiikatkhIIx3UdyookKZkjn+RSaHpZVaoktE+K254Glhyg1flab/GVphjYTXbE9RHo5Cgs29v3geOm8lavM1C3zsGZe+KzNfJDIe40Ka5FAYyvi+5tyygiHoLIjLBhzQoUVIhg3vaYIS0Nc9aTf9EmjZZhj+A5FRum6rwbKyl9P34cd6G4dDyBoE29VhThL8X05WvxZ2HVvXYvSLCz5bFz2pTjYm9jOFyCILGervv3wz9sd20OSxw1UFJxlUuVtePjXMf/KzqwfOYNW/vPSFgcpIADBWsHjpt+a5mtYjxEJv7yVhUA+YML3Y/z5ariDtmU1x4DmOWmlwSSZ990Fbv2PNUIYmvvug+Jc86jrv2KeKqrxYWRZTCeTd4rXWxLozG5QwDw2Rn6LFhQynOOp/CaWJcOjkxvQ==\n",
            "public_key_pem": "-----BEGIN PUBLIC KEY-----\nMIICIjANBgkqhkiG9w0BAQEFAAOCAg8AMIICCgKCAgEA7pfhRK3Wjdj/+iZgO70T\nbXdXxdMvlJfRWVFfVumepbGQTVbL0upH29r5QU8USAFO0XODo/jfPYjtmSGChu2t\n36tuvK5DhHmEpah2erw0adJ4O0M9V8D1YvELvspOLhjRIwUmU95+5wRVHKqIueaj\nuyRE53zps+7lDjMXyM3wYbPJLOA2EvRFaHU1aIaD3BK8dg5jMArA5ax4lEwseCrB\nJ14K07rtW0u6SRS5XXtQUYGR+J6xrtuLnqk5/2/Ic1LiNnzCGF7hg4Akl4opGrZI\nSCMd1HcqKJCmZI5/kUmh6WVWqJLRPitueBpYcoNX5Wm/xlaYY2E12xPUR6OQoLNv\nb94HjpvJWrzNQt87BmXviszXyQyHuNCmuRQGMr4vubcsoIh6CyIywYc0KFFSIYN7\n2mCEtDXPWk3/RJo2WYY/gORUbpuq8GyspfT9+HHehuHQ8gaBNvVYU4S/F9OVr8Wd\nh1b12L0iws+Wxc9qU42JvYzhcgiCxnq7798M/bHdtDkscNVBScZVLlbXj41zH/ys\n6sHzmDVv7z0hYHKSAAwVrB46bfmuZrWI8RCb+8lYVAPmDC92P8+Wq4g7ZlNceA5j\nlppcEkmffdBW79jzVCGJr77oPiXPOo679iniqq8WFkWUwnk3eK11sS6MxuUMA8Nk\nZ+ixYUMpzjqfwmliXDo5Mb0CAwEAAQ==\n-----END PUBLIC KEY-----\n",
            "rsa_bits": 4096
          },
          "private": "bnVsbA=="
        }
      ]
    }
  ]
}
